{
  "name": "remark-custom-elements",
  "version": "1.0.0",
  "lockfileVersion": 1,
  "requires": true,
  "dependencies": {
    "@dumpster/remark-custom-element-to-hast": {
      "version": "0.4.0",
      "resolved": "https://registry.npmjs.org/@dumpster/remark-custom-element-to-hast/-/remark-custom-element-to-hast-0.4.0.tgz",
      "integrity": "sha512-Ab6c5me+SR6/ZPsx++tjAuqWQ6bNpRNRjlb63/AG+/Ef/nxuvwBFlpbU/cy8xhHHEQEgQ+fLgVlyIfvENvxLUQ==",
      "requires": {
        "hast-util-raw": "2.0.2",
        "mdast-util-to-hast": "2.5.0",
        "unist-util-map": "1.0.3",
        "unist-util-remove-position": "1.1.1",
        "xtend": "4.0.1"
      }
    },
    "@types/node": {
      "version": "8.0.53",
      "resolved": "https://registry.npmjs.org/@types/node/-/node-8.0.53.tgz",
      "integrity": "sha512-54Dm6NwYeiSQmRB1BLXKr5GELi0wFapR1npi8bnZhEcu84d/yQKqnwwXQ56hZ0RUbTG6L5nqDZaN3dgByQXQRQ=="
    },
    "camelcase": {
      "version": "3.0.0",
      "resolved": "https://registry.npmjs.org/camelcase/-/camelcase-3.0.0.tgz",
      "integrity": "sha1-MvxLn82vhF/N9+c7uXysImHwqwo="
    },
    "collapse-white-space": {
      "version": "1.0.3",
      "resolved": "https://registry.npmjs.org/collapse-white-space/-/collapse-white-space-1.0.3.tgz",
      "integrity": "sha1-S5BvZw5aljqHt2sOFolkM0G2Ajw="
    },
    "comma-separated-tokens": {
      "version": "1.0.4",
      "resolved": "https://registry.npmjs.org/comma-separated-tokens/-/comma-separated-tokens-1.0.4.tgz",
      "integrity": "sha1-cgg+WNSkYvAYZvZhf02Yo807ikY=",
      "requires": {
        "trim": "0.0.1"
      }
    },
    "define-properties": {
      "version": "1.1.2",
      "resolved": "https://registry.npmjs.org/define-properties/-/define-properties-1.1.2.tgz",
      "integrity": "sha1-g6c/L+pWmJj7c3GTyPhzyvbUXJQ=",
      "requires": {
        "foreach": "2.0.5",
        "object-keys": "1.0.11"
      }
    },
    "detab": {
      "version": "2.0.1",
      "resolved": "https://registry.npmjs.org/detab/-/detab-2.0.1.tgz",
      "integrity": "sha512-/hhdqdQc5thGrqzjyO/pz76lDZ5GSuAs6goxOaKTsvPk7HNnzAyFN5lyHgqpX4/s1i66K8qMGj+VhA9504x7DQ==",
      "requires": {
        "repeat-string": "1.6.1"
      }
    },
    "fault": {
      "version": "1.0.1",
      "resolved": "https://registry.npmjs.org/fault/-/fault-1.0.1.tgz",
      "integrity": "sha1-3o01Df1IviS13BsChn4IcbkTUJI=",
      "requires": {
        "format": "0.2.2"
      }
    },
    "foreach": {
      "version": "2.0.5",
      "resolved": "https://registry.npmjs.org/foreach/-/foreach-2.0.5.tgz",
      "integrity": "sha1-C+4AUBiusmDQo6865ljdATbsG5k="
    },
    "format": {
      "version": "0.2.2",
      "resolved": "https://registry.npmjs.org/format/-/format-0.2.2.tgz",
      "integrity": "sha1-1hcBB+nv3E7TDJ3DkBbflCtctYs="
    },
    "graphql-type-json": {
      "version": "0.1.4",
      "resolved": "https://registry.npmjs.org/graphql-type-json/-/graphql-type-json-0.1.4.tgz",
      "integrity": "sha1-ifE/XTLOCMmnbHn9+cGWg4TYGk4="
    },
    "hast-to-hyperscript": {
      "version": "3.0.2",
      "resolved": "https://registry.npmjs.org/hast-to-hyperscript/-/hast-to-hyperscript-3.0.2.tgz",
      "integrity": "sha512-EpgSF2xqWHZrVfxRL/QhZPN3kxm36eGYu6PDRccwO2md9Hyhg5oftId1OaTdXqS7Kj0gEGN5BSGVvEceWd5bJg==",
      "requires": {
        "comma-separated-tokens": "1.0.4",
        "is-nan": "1.2.1",
        "kebab-case": "1.0.0",
        "property-information": "3.2.0",
        "space-separated-tokens": "1.1.1",
        "trim": "0.0.1",
        "unist-util-is": "2.1.1"
      }
    },
    "hast-util-from-parse5": {
      "version": "2.1.0",
      "resolved": "https://registry.npmjs.org/hast-util-from-parse5/-/hast-util-from-parse5-2.1.0.tgz",
      "integrity": "sha1-9hI9g9NoljCwl+E+Qw0W2dG9iIQ=",
      "requires": {
        "camelcase": "3.0.0",
        "hastscript": "3.1.0",
        "property-information": "3.2.0",
        "vfile-location": "2.0.2"
      }
    },
    "hast-util-parse-selector": {
      "version": "2.1.0",
      "resolved": "https://registry.npmjs.org/hast-util-parse-selector/-/hast-util-parse-selector-2.1.0.tgz",
      "integrity": "sha1-tVwPS7e7IEDIicMl74erKcOBArQ="
    },
    "hast-util-raw": {
      "version": "2.0.2",
      "resolved": "https://registry.npmjs.org/hast-util-raw/-/hast-util-raw-2.0.2.tgz",
      "integrity": "sha512-ujytXSAZC85bvh38f8ALzfE2IZDdCwB9XeHUs9l20C1p4/1YeAoZqq9z9U17vWQ9hMmqbVaROuSK8feL3wTCJg==",
      "requires": {
        "hast-util-from-parse5": "2.1.0",
        "hast-util-to-parse5": "2.2.0",
        "html-void-elements": "1.0.2",
        "parse5": "3.0.3",
        "unist-util-position": "3.0.0",
        "web-namespaces": "1.1.1",
        "zwitch": "1.0.2"
      }
    },
    "hast-util-to-parse5": {
      "version": "2.2.0",
      "resolved": "https://registry.npmjs.org/hast-util-to-parse5/-/hast-util-to-parse5-2.2.0.tgz",
      "integrity": "sha512-Eg1mrf0VTT/PipFN5z1+mVi+4GNhinKk/i/HKeX1h17IYiMdm3G8vgA0FU04XCuD1cWV58f5zziFKcBkr+WuKw==",
      "requires": {
        "hast-to-hyperscript": "3.0.2",
        "mapz": "1.0.1",
        "web-namespaces": "1.1.1",
        "xtend": "4.0.1",
        "zwitch": "1.0.2"
      }
    },
    "hastscript": {
      "version": "3.1.0",
      "resolved": "https://registry.npmjs.org/hastscript/-/hastscript-3.1.0.tgz",
      "integrity": "sha512-8V34dMSDT1Ik+ZSgTzCLdyp89MrWxcxctXPxhmb72GQj1Xkw1aHPM9UaHCWewvH2Q+PVkYUm4ZJVw4T0dgEGNA==",
      "requires": {
        "camelcase": "3.0.0",
        "comma-separated-tokens": "1.0.4",
        "hast-util-parse-selector": "2.1.0",
        "property-information": "3.2.0",
        "space-separated-tokens": "1.1.1"
      }
    },
    "html-void-elements": {
      "version": "1.0.2",
      "resolved": "https://registry.npmjs.org/html-void-elements/-/html-void-elements-1.0.2.tgz",
      "integrity": "sha1-nSLgyjKsyVs/RbjVtPb73AWv/VU="
    },
    "is-nan": {
      "version": "1.2.1",
      "resolved": "https://registry.npmjs.org/is-nan/-/is-nan-1.2.1.tgz",
      "integrity": "sha1-n69ltvttskt/XAYoR16nH5iEAeI=",
      "requires": {
        "define-properties": "1.1.2"
      }
    },
    "kebab-case": {
      "version": "1.0.0",
      "resolved": "https://registry.npmjs.org/kebab-case/-/kebab-case-1.0.0.tgz",
      "integrity": "sha1-P55JkK3K0MaGwOcB92RYaPdfkes="
    },
    "mapz": {
      "version": "1.0.1",
      "resolved": "https://registry.npmjs.org/mapz/-/mapz-1.0.1.tgz",
      "integrity": "sha1-ns7HV9PD/gqKbzY+Mo6u5ppChEE=",
      "requires": {
        "x-is-array": "0.1.0"
      }
    },
    "mdast-util-definitions": {
      "version": "1.2.2",
      "resolved": "https://registry.npmjs.org/mdast-util-definitions/-/mdast-util-definitions-1.2.2.tgz",
      "integrity": "sha512-9NloPSwaB9f1PKcGqaScfqRf6zKOEjTIXVIbPOmgWI/JKxznlgVXC5C+8qgl3AjYg2vJBRgLYfLICaNiac89iA==",
      "requires": {
        "unist-util-visit": "1.2.0"
      }
    },
    "mdast-util-to-hast": {
      "version": "2.5.0",
      "resolved": "https://registry.npmjs.org/mdast-util-to-hast/-/mdast-util-to-hast-2.5.0.tgz",
      "integrity": "sha1-8IeETSVcdUDzaQbaMLoQbA7l7i8=",
      "requires": {
        "collapse-white-space": "1.0.3",
        "detab": "2.0.1",
        "mdast-util-definitions": "1.2.2",
        "mdurl": "1.0.1",
        "trim": "0.0.1",
        "trim-lines": "1.1.0",
        "unist-builder": "1.0.2",
        "unist-util-generated": "1.1.1",
        "unist-util-position": "3.0.0",
        "unist-util-visit": "1.2.0",
        "xtend": "4.0.1"
      }
    },
    "mdurl": {
      "version": "1.0.1",
      "resolved": "https://registry.npmjs.org/mdurl/-/mdurl-1.0.1.tgz",
      "integrity": "sha1-/oWy7HWlkDfyrf7BAP1sYBdhFS4="
    },
    "object-assign": {
      "version": "4.1.1",
      "resolved": "https://registry.npmjs.org/object-assign/-/object-assign-4.1.1.tgz",
      "integrity": "sha1-IQmtx5ZYh8/AXLvUQsrIv7s2CGM="
    },
    "object-keys": {
      "version": "1.0.11",
      "resolved": "https://registry.npmjs.org/object-keys/-/object-keys-1.0.11.tgz",
      "integrity": "sha1-xUYBd4rVYPEULODgG8yotW0TQm0="
    },
    "parse5": {
      "version": "3.0.3",
      "resolved": "https://registry.npmjs.org/parse5/-/parse5-3.0.3.tgz",
      "integrity": "sha512-rgO9Zg5LLLkfJF9E6CCmXlSE4UVceloys8JrFqCcHloC3usd/kJCyPDwH2SOlzix2j3xaP9sUX3e8+kvkuleAA==",
      "requires": {
        "@types/node": "8.0.53"
      }
    },
    "property-information": {
      "version": "3.2.0",
      "resolved": "https://registry.npmjs.org/property-information/-/property-information-3.2.0.tgz",
      "integrity": "sha1-/RSDyPusYYCPX+NZ52k6H0ilgzE="
    },
    "remark-frontmatter": {
      "version": "1.1.0",
      "resolved": "https://registry.npmjs.org/remark-frontmatter/-/remark-frontmatter-1.1.0.tgz",
      "integrity": "sha512-mLbYtwP9w1L9TA8dX+I/HyDF5lCpa0dmYvvW9Io+zUPpqEZ49QMKWb0hSpunpLVA+Squy0SowzSzjHVPbxWq1g==",
      "requires": {
        "fault": "1.0.1",
        "xtend": "4.0.1"
      }
    },
    "repeat-string": {
      "version": "1.6.1",
      "resolved": "https://registry.npmjs.org/repeat-string/-/repeat-string-1.6.1.tgz",
      "integrity": "sha1-jcrkcOHIirwtYA//Sndihtp15jc="
    },
    "space-separated-tokens": {
      "version": "1.1.1",
      "resolved": "https://registry.npmjs.org/space-separated-tokens/-/space-separated-tokens-1.1.1.tgz",
      "integrity": "sha1-lpW5355lrsGBHUw/nOUlILwvfk0=",
      "requires": {
        "trim": "0.0.1"
      }
    },
    "trim": {
      "version": "0.0.1",
      "resolved": "https://registry.npmjs.org/trim/-/trim-0.0.1.tgz",
      "integrity": "sha1-WFhUf2spB1fulczMZm+1AITEYN0="
    },
    "trim-lines": {
      "version": "1.1.0",
      "resolved": "https://registry.npmjs.org/trim-lines/-/trim-lines-1.1.0.tgz",
      "integrity": "sha1-mSbQPt4Tuhj31CIiYx+wTHn/Jv4="
    },
    "unist-builder": {
      "version": "1.0.2",
      "resolved": "https://registry.npmjs.org/unist-builder/-/unist-builder-1.0.2.tgz",
      "integrity": "sha1-jDuZA+9kvPsRfdfPal2Y/Bs7J7Y=",
      "requires": {
        "object-assign": "4.1.1"
      }
    },
    "unist-util-generated": {
      "version": "1.1.1",
      "resolved": "https://registry.npmjs.org/unist-util-generated/-/unist-util-generated-1.1.1.tgz",
      "integrity": "sha1-mfFseJWayFTe58YVwpGSTIv03n8="
    },
    "unist-util-is": {
      "version": "2.1.1",
      "resolved": "https://registry.npmjs.org/unist-util-is/-/unist-util-is-2.1.1.tgz",
      "integrity": "sha1-DDEmKeP5YMZukx6BLT2A53AQlHs="
    },
    "unist-util-map": {
      "version": "1.0.3",
      "resolved": "https://registry.npmjs.org/unist-util-map/-/unist-util-map-1.0.3.tgz",
      "integrity": "sha1-JqkT183bPNPpqIbRNdN6PR9U5RQ=",
      "requires": {
        "object-assign": "4.1.1"
      }
    },
    "unist-util-position": {
      "version": "3.0.0",
      "resolved": "https://registry.npmjs.org/unist-util-position/-/unist-util-position-3.0.0.tgz",
      "integrity": "sha1-5uHgPu64HF4a/lU+jUrfvXwNj4I="
    },
    "unist-util-remove-position": {
      "version": "1.1.1",
      "resolved": "https://registry.npmjs.org/unist-util-remove-position/-/unist-util-remove-position-1.1.1.tgz",
      "integrity": "sha1-WoXBVV/BugwQG4ZwfRXlD6TIcbs=",
      "requires": {
        "unist-util-visit": "1.2.0"
      }
    },
    "unist-util-visit": {
      "version": "1.2.0",
      "resolved": "https://registry.npmjs.org/unist-util-visit/-/unist-util-visit-1.2.0.tgz",
      "integrity": "sha512-lI+jyPlDztHZ2CJhUchcRMQ7MNc0yASgYFxwRTxs0EZ+9HbYFBLVGDJ2FchTBy+pra0O1LVEn0Wkgf19mDVDzw==",
      "requires": {
        "unist-util-is": "2.1.1"
      }
    },
    "vfile-location": {
      "version": "2.0.2",
      "resolved": "https://registry.npmjs.org/vfile-location/-/vfile-location-2.0.2.tgz",
      "integrity": "sha1-02dcWch3SY5JK0dW/2Xkrxp1IlU="
    },
    "web-namespaces": {
      "version": "1.1.1",
      "resolved": "https://registry.npmjs.org/web-namespaces/-/web-namespaces-1.1.1.tgz",
      "integrity": "sha1-dC2f/2H/hPQWT2dyRPQtKcEMRR0="
    },
    "x-is-array": {
      "version": "0.1.0",
      "resolved": "https://registry.npmjs.org/x-is-array/-/x-is-array-0.1.0.tgz",
      "integrity": "sha1-3lIBcdR7P0FvVYfWKbidJrEtwp0="
    },
    "xtend": {
      "version": "4.0.1",
      "resolved": "https://registry.npmjs.org/xtend/-/xtend-4.0.1.tgz",
      "integrity": "sha1-pcbVMr5lbiPbgg77lDofBJmNY68="
    },
    "zwitch": {
      "version": "1.0.2",
      "resolved": "https://registry.npmjs.org/zwitch/-/zwitch-1.0.2.tgz",
      "integrity": "sha1-mwWVQb+oRHmf4tkDveYJ3iUDoEE="
    }
  }
}
