# THIS IS AN AUTOGENERATED FILE. DO NOT EDIT THIS FILE DIRECTLY.
# yarn lockfile v1


"@dumpster/remark-custom-element-to-hast@^0.3.0":
  version "0.3.0"
  resolved "https://registry.yarnpkg.com/@dumpster/remark-custom-element-to-hast/-/remark-custom-element-to-hast-0.3.0.tgz#da089cdec7f32e9013ece1f48844207f19ebcbfb"
  dependencies:
    hast-util-raw "^2.0.1"
    mdast-util-to-hast "^2.1.1"
    unist-util-map "^1.0.3"
    unist-util-remove-position "^1.1.1"
    xtend "^4.0.1"

"@types/node@*":
  version "8.0.53"
  resolved "https://registry.yarnpkg.com/@types/node/-/node-8.0.53.tgz#396b35af826fa66aad472c8cb7b8d5e277f4e6d8"

camelcase@^3.0.0:
  version "3.0.0"
  resolved "https://registry.yarnpkg.com/camelcase/-/camelcase-3.0.0.tgz#32fc4b9fcdaf845fcdf7e73bb97cac2261f0ab0a"

collapse-white-space@^1.0.0:
  version "1.0.3"
  resolved "https://registry.yarnpkg.com/collapse-white-space/-/collapse-white-space-1.0.3.tgz#4b906f670e5a963a87b76b0e1689643341b6023c"

comma-separated-tokens@^1.0.0:
  version "1.0.4"
  resolved "https://registry.yarnpkg.com/comma-separated-tokens/-/comma-separated-tokens-1.0.4.tgz#72083e58d4a462f01866f6617f4d98a3cd3b8a46"
  dependencies:
    trim "0.0.1"

define-properties@^1.1.1:
  version "1.1.2"
  resolved "https://registry.yarnpkg.com/define-properties/-/define-properties-1.1.2.tgz#83a73f2fea569898fb737193c8f873caf6d45c94"
  dependencies:
    foreach "^2.0.5"
    object-keys "^1.0.8"

detab@^2.0.0:
  version "2.0.1"
  resolved "https://registry.yarnpkg.com/detab/-/detab-2.0.1.tgz#531f5e326620e2fd4f03264a905fb3bcc8af4df4"
  dependencies:
    repeat-string "^1.5.4"

fault@^1.0.1:
  version "1.0.1"
  resolved "https://registry.yarnpkg.com/fault/-/fault-1.0.1.tgz#de8d350dfd48be24b5dc1b02867e0871b9135092"
  dependencies:
    format "^0.2.2"

foreach@^2.0.5:
  version "2.0.5"
  resolved "https://registry.yarnpkg.com/foreach/-/foreach-2.0.5.tgz#0bee005018aeb260d0a3af3ae658dd0136ec1b99"

format@^0.2.2:
  version "0.2.2"
  resolved "https://registry.yarnpkg.com/format/-/format-0.2.2.tgz#d6170107e9efdc4ed30c9dc39016df942b5cb58b"

graphql-type-json@^0.1.4:
  version "0.1.4"
  resolved "https://registry.yarnpkg.com/graphql-type-json/-/graphql-type-json-0.1.4.tgz#89f13f5d32ce08c9a76c79fdf9c1968384d81a4e"

hast-to-hyperscript@^3.0.0:
  version "3.0.2"
  resolved "https://registry.yarnpkg.com/hast-to-hyperscript/-/hast-to-hyperscript-3.0.2.tgz#8468ed08b8382f130e003a38ef735bcf29737336"
  dependencies:
    comma-separated-tokens "^1.0.0"
    is-nan "^1.2.1"
    kebab-case "^1.0.0"
    property-information "^3.0.0"
    space-separated-tokens "^1.0.0"
    trim "0.0.1"
    unist-util-is "^2.0.0"

hast-util-from-parse5@^2.0.0:
  version "2.1.0"
  resolved "https://registry.yarnpkg.com/hast-util-from-parse5/-/hast-util-from-parse5-2.1.0.tgz#f6123d83d3689630b097e13e430d16d9d1bd8884"
  dependencies:
    camelcase "^3.0.0"
    hastscript "^3.0.0"
    property-information "^3.1.0"
    vfile-location "^2.0.0"

hast-util-parse-selector@^2.0.0:
  version "2.1.0"
  resolved "https://registry.yarnpkg.com/hast-util-parse-selector/-/hast-util-parse-selector-2.1.0.tgz#b55c0f4bb7bb2040c889c325ef87ab29c38102b4"

hast-util-raw@^2.0.1:
  version "2.0.2"
  resolved "https://registry.yarnpkg.com/hast-util-raw/-/hast-util-raw-2.0.2.tgz#20674cfb45428213917a54ec929e6774df0642d8"
  dependencies:
    hast-util-from-parse5 "^2.0.0"
    hast-util-to-parse5 "^2.0.0"
    html-void-elements "^1.0.1"
    parse5 "^3.0.3"
    unist-util-position "^3.0.0"
    web-namespaces "^1.0.0"
    zwitch "^1.0.0"

hast-util-to-parse5@^2.0.0:
  version "2.2.0"
  resolved "https://registry.yarnpkg.com/hast-util-to-parse5/-/hast-util-to-parse5-2.2.0.tgz#48c8f7f783020c04c3625db06109d02017033cbc"
  dependencies:
    hast-to-hyperscript "^3.0.0"
    mapz "^1.0.0"
    web-namespaces "^1.0.0"
    xtend "^4.0.1"
    zwitch "^1.0.0"

hastscript@^3.0.0:
  version "3.1.0"
  resolved "https://registry.yarnpkg.com/hastscript/-/hastscript-3.1.0.tgz#66628ba6d7f1ad07d9277dd09028aba7f4934599"
  dependencies:
    camelcase "^3.0.0"
    comma-separated-tokens "^1.0.0"
    hast-util-parse-selector "^2.0.0"
    property-information "^3.0.0"
    space-separated-tokens "^1.0.0"

html-void-elements@^1.0.1:
  version "1.0.2"
  resolved "https://registry.yarnpkg.com/html-void-elements/-/html-void-elements-1.0.2.tgz#9d22e0ca32acc95b3f45b8d5b4f6fbdc05affd55"

is-nan@^1.2.1:
  version "1.2.1"
  resolved "https://registry.yarnpkg.com/is-nan/-/is-nan-1.2.1.tgz#9faf65b6fb6db24b7f5c0628475ea71f988401e2"
  dependencies:
    define-properties "^1.1.1"

kebab-case@^1.0.0:
  version "1.0.0"
  resolved "https://registry.yarnpkg.com/kebab-case/-/kebab-case-1.0.0.tgz#3f9e4990adcad0c686c0e701f7645868f75f91eb"

mapz@^1.0.0:
  version "1.0.1"
  resolved "https://registry.yarnpkg.com/mapz/-/mapz-1.0.1.tgz#9ecec757d3c3fe0a8a6f363e328eaee69a428441"
  dependencies:
    x-is-array "^0.1.0"

mdast-util-definitions@^1.2.0:
  version "1.2.2"
  resolved "https://registry.yarnpkg.com/mdast-util-definitions/-/mdast-util-definitions-1.2.2.tgz#673f4377c3e23d3de7af7a4fe2214c0e221c5ac7"
  dependencies:
    unist-util-visit "^1.0.0"

mdast-util-to-hast@^2.1.1:
  version "2.5.0"
  resolved "https://registry.yarnpkg.com/mdast-util-to-hast/-/mdast-util-to-hast-2.5.0.tgz#f087844d255c7540f36906da30ba106c0ee5ee2f"
  dependencies:
    collapse-white-space "^1.0.0"
    detab "^2.0.0"
    mdast-util-definitions "^1.2.0"
    mdurl "^1.0.1"
    trim "0.0.1"
    trim-lines "^1.0.0"
    unist-builder "^1.0.1"
    unist-util-generated "^1.1.0"
    unist-util-position "^3.0.0"
    unist-util-visit "^1.1.0"
    xtend "^4.0.1"

mdurl@^1.0.1:
  version "1.0.1"
  resolved "https://registry.yarnpkg.com/mdurl/-/mdurl-1.0.1.tgz#fe85b2ec75a59037f2adfec100fd6c601761152e"

object-assign@^4.0.1, object-assign@^4.1.0:
  version "4.1.1"
  resolved "https://registry.yarnpkg.com/object-assign/-/object-assign-4.1.1.tgz#2109adc7965887cfc05cbbd442cac8bfbb360863"

object-keys@^1.0.8:
  version "1.0.11"
  resolved "https://registry.yarnpkg.com/object-keys/-/object-keys-1.0.11.tgz#c54601778ad560f1142ce0e01bcca8b56d13426d"

parse5@^3.0.3:
  version "3.0.3"
  resolved "https://registry.yarnpkg.com/parse5/-/parse5-3.0.3.tgz#042f792ffdd36851551cf4e9e066b3874ab45b5c"
  dependencies:
    "@types/node" "*"

property-information@^3.0.0, property-information@^3.1.0:
  version "3.2.0"
  resolved "https://registry.yarnpkg.com/property-information/-/property-information-3.2.0.tgz#fd1483c8fbac61808f5fe359e7693a1f48a58331"

remark-frontmatter@^1.1.0:
  version "1.1.0"
  resolved "https://registry.yarnpkg.com/remark-frontmatter/-/remark-frontmatter-1.1.0.tgz#9d23c2b376f56617bdb5c5560f1b56e45b19788b"
  dependencies:
    fault "^1.0.1"
    xtend "^4.0.1"

repeat-string@^1.5.4:
  version "1.6.1"
  resolved "https://registry.yarnpkg.com/repeat-string/-/repeat-string-1.6.1.tgz#8dcae470e1c88abc2d600fff4a776286da75e637"

space-separated-tokens@^1.0.0:
  version "1.1.1"
  resolved "https://registry.yarnpkg.com/space-separated-tokens/-/space-separated-tokens-1.1.1.tgz#9695b9df9e65aec1811d4c3f9ce52520bc2f7e4d"
  dependencies:
    trim "0.0.1"

trim-lines@^1.0.0:
  version "1.1.0"
  resolved "https://registry.yarnpkg.com/trim-lines/-/trim-lines-1.1.0.tgz#9926d03ede13ba18f7d42222631fb04c79ff26fe"

trim@0.0.1:
  version "0.0.1"
  resolved "https://registry.yarnpkg.com/trim/-/trim-0.0.1.tgz#5858547f6b290757ee95cccc666fb50084c460dd"

unist-builder@^1.0.1:
  version "1.0.2"
  resolved "https://registry.yarnpkg.com/unist-builder/-/unist-builder-1.0.2.tgz#8c3b9903ef64bcfb117dd7cf6a5d98fc1b3b27b6"
  dependencies:
    object-assign "^4.1.0"

unist-util-generated@^1.1.0:
  version "1.1.1"
  resolved "https://registry.yarnpkg.com/unist-util-generated/-/unist-util-generated-1.1.1.tgz#99f16c78959ac854dee7c615c291924c8bf4de7f"

unist-util-is@^2.0.0, unist-util-is@^2.1.1:
  version "2.1.1"
  resolved "https://registry.yarnpkg.com/unist-util-is/-/unist-util-is-2.1.1.tgz#0c312629e3f960c66e931e812d3d80e77010947b"

unist-util-map@^1.0.3:
  version "1.0.3"
  resolved "https://registry.yarnpkg.com/unist-util-map/-/unist-util-map-1.0.3.tgz#26a913d7cddb3cd3e9a886d135d37a3d1f54e514"
  dependencies:
    object-assign "^4.0.1"

unist-util-position@^3.0.0:
  version "3.0.0"
  resolved "https://registry.yarnpkg.com/unist-util-position/-/unist-util-position-3.0.0.tgz#e6e1e03eeeb81c5e1afe553e8d4adfbd7c0d8f82"

unist-util-remove-position@^1.1.1:
  version "1.1.1"
  resolved "https://registry.yarnpkg.com/unist-util-remove-position/-/unist-util-remove-position-1.1.1.tgz#5a85c1555fc1ba0c101b86707d15e50fa4c871bb"
  dependencies:
    unist-util-visit "^1.1.0"

unist-util-visit@^1.0.0, unist-util-visit@^1.1.0:
  version "1.2.0"
  resolved "https://registry.yarnpkg.com/unist-util-visit/-/unist-util-visit-1.2.0.tgz#9dc78d1f95cd242e865f7f93f327d3296bb9a718"
  dependencies:
    unist-util-is "^2.1.1"

vfile-location@^2.0.0:
  version "2.0.2"
  resolved "https://registry.yarnpkg.com/vfile-location/-/vfile-location-2.0.2.tgz#d3675c59c877498e492b4756ff65e4af1a752255"

web-namespaces@^1.0.0:
  version "1.1.1"
  resolved "https://registry.yarnpkg.com/web-namespaces/-/web-namespaces-1.1.1.tgz#742d9fff61ff84f4164f677244f42d29c10c451d"

x-is-array@^0.1.0:
  version "0.1.0"
  resolved "https://registry.yarnpkg.com/x-is-array/-/x-is-array-0.1.0.tgz#de520171d47b3f416f5587d629b89d26b12dc29d"

xtend@^4.0.1:
  version "4.0.1"
  resolved "https://registry.yarnpkg.com/xtend/-/xtend-4.0.1.tgz#a5c6d532be656e23db820efb943a1f04998d63af"

zwitch@^1.0.0:
  version "1.0.2"
  resolved "https://registry.yarnpkg.com/zwitch/-/zwitch-1.0.2.tgz#9b059541bfa844799fe2d903bde609de2503a041"
